
Microsoft Visual Studio Solution File, Format Version 12.00
# Visual Studio Version 17
VisualStudioVersion = 17.3.32811.315
MinimumVisualStudioVersion = 10.0.40219.1
Project("{FAE04EC0-301F-11D3-BF4B-00C04F79EFBC}") = "VarianteA", "VarianteA\VarianteA.csproj", "{FA3D7AD0-2256-4E5F-AA5A-EC7705130D16}"
EndProject
Global
	GlobalSection(SolutionConfigurationPlatforms) = preSolution
		Debug|Any CPU = Debug|Any CPU
		Release|Any CPU = Release|Any CPU
	EndGlobalSection
	GlobalSection(ProjectConfigurationPlatforms) = postSolution
		{FA3D7AD0-2256-4E5F-AA5A-EC7705130D16}.Debug|Any CPU.ActiveCfg = Debug|Any CPU
		{FA3D7AD0-2256-4E5F-AA5A-EC7705130D16}.Debug|Any CPU.Build.0 = Debug|Any CPU
		{FA3D7AD0-2256-4E5F-AA5A-EC7705130D16}.Release|Any CPU.ActiveCfg = Release|Any CPU
		{FA3D7AD0-2256-4E5F-AA5A-EC7705130D16}.Release|Any CPU.Build.0 = Release|Any CPU
	EndGlobalSection
	GlobalSection(SolutionProperties) = preSolution
		HideSolutionNode = FALSE
	EndGlobalSection
	GlobalSection(ExtensibilityGlobals) = postSolution
		SolutionGuid = {B3E278EB-48F7-4D71-8A98-7428EF7EAE45}
	EndGlobalSection
EndGlobal
